// !$*UTF8*$!
{
	archiveVersion = 1;
	classes = {
	};
	objectVersion = 50;
	objects = {

/* Begin PBXBuildFile section */
		55A2F36A240099AF003681E2 /* AppDelegate.swift in Sources */ = {isa = PBXBuildFile; fileRef = 55A2F369240099AF003681E2 /* AppDelegate.swift */; };
		55A2F36C240099AF003681E2 /* SceneDelegate.swift in Sources */ = {isa = PBXBuildFile; fileRef = 55A2F36B240099AF003681E2 /* SceneDelegate.swift */; };
		55A2F36E240099AF003681E2 /* ViewController.swift in Sources */ = {isa = PBXBuildFile; fileRef = 55A2F36D240099AF003681E2 /* ViewController.swift */; };
		55A2F371240099AF003681E2 /* Main.storyboard in Resources */ = {isa = PBXBuildFile; fileRef = 55A2F36F240099AF003681E2 /* Main.storyboard */; };
		55A2F373240099B1003681E2 /* Assets.xcassets in Resources */ = {isa = PBXBuildFile; fileRef = 55A2F372240099B1003681E2 /* Assets.xcassets */; };
		55A2F376240099B1003681E2 /* LaunchScreen.storyboard in Resources */ = {isa = PBXBuildFile; fileRef = 55A2F374240099B1003681E2 /* LaunchScreen.storyboard */; };
		55A2F38424009BC6003681E2 /* NotificationService.swift in Sources */ = {isa = PBXBuildFile; fileRef = 55A2F38324009BC6003681E2 /* NotificationService.swift */; };
		55A2F38824009BC6003681E2 /* NSExtension.appex in Embed App Extensions */ = {isa = PBXBuildFile; fileRef = 55A2F38124009BC6003681E2 /* NSExtension.appex */; settings = {ATTRIBUTES = (RemoveHeadersOnCopy, ); }; };
/* End PBXBuildFile section */

/* Begin PBXContainerItemProxy section */
		55A2F38624009BC6003681E2 /* PBXContainerItemProxy */ = {
			isa = PBXContainerItemProxy;
			containerPortal = 55A2F35E240099AF003681E2 /* Project object */;
			proxyType = 1;
			remoteGlobalIDString = 55A2F38024009BC6003681E2;
			remoteInfo = NSExtension;
		};
/* End PBXContainerItemProxy section */

/* Begin PBXCopyFilesBuildPhase section */
		55A2F38C24009BC6003681E2 /* Embed App Extensions */ = {
			isa = PBXCopyFilesBuildPhase;
			buildActionMask = 2147483647;
			dstPath = "";
			dstSubfolderSpec = 13;
			files = (
				55A2F38824009BC6003681E2 /* NSExtension.appex in Embed App Extensions */,
			);
			name = "Embed App Extensions";
			runOnlyForDeploymentPostprocessing = 0;
		};
/* End PBXCopyFilesBuildPhase section */

/* Begin PBXFileReference section */
		5532D6692400B09300F5411C /* TestPNApp.entitlements */ = {isa = PBXFileReference; lastKnownFileType = text.plist.entitlements; path = TestPNApp.entitlements; sourceTree = "<group>"; };
		55A2F366240099AF003681E2 /* TestPNApp.app */ = {isa = PBXFileReference; explicitFileType = wrapper.application; includeInIndex = 0; path = TestPNApp.app; sourceTree = BUILT_PRODUCTS_DIR; };
		55A2F369240099AF003681E2 /* AppDelegate.swift */ = {isa = PBXFileReference; lastKnownFileType = sourcecode.swift; path = AppDelegate.swift; sourceTree = "<group>"; };
		55A2F36B240099AF003681E2 /* SceneDelegate.swift */ = {isa = PBXFileReference; lastKnownFileType = sourcecode.swift; path = SceneDelegate.swift; sourceTree = "<group>"; };
		55A2F36D240099AF003681E2 /* ViewController.swift */ = {isa = PBXFileReference; lastKnownFileType = sourcecode.swift; path = ViewController.swift; sourceTree = "<group>"; };
		55A2F370240099AF003681E2 /* Base */ = {isa = PBXFileReference; lastKnownFileType = file.storyboard; name = Base; path = Base.lproj/Main.storyboard; sourceTree = "<group>"; };
		55A2F372240099B1003681E2 /* Assets.xcassets */ = {isa = PBXFileReference; lastKnownFileType = folder.assetcatalog; path = Assets.xcassets; sourceTree = "<group>"; };
		55A2F375240099B1003681E2 /* Base */ = {isa = PBXFileReference; lastKnownFileType = file.storyboard; name = Base; path = Base.lproj/LaunchScreen.storyboard; sourceTree = "<group>"; };
		55A2F377240099B1003681E2 /* Info.plist */ = {isa = PBXFileReference; lastKnownFileType = text.plist.xml; path = Info.plist; sourceTree = "<group>"; };
		55A2F38124009BC6003681E2 /* NSExtension.appex */ = {isa = PBXFileReference; explicitFileType = "wrapper.app-extension"; includeInIndex = 0; path = NSExtension.appex; sourceTree = BUILT_PRODUCTS_DIR; };
		55A2F38324009BC6003681E2 /* NotificationService.swift */ = {isa = PBXFileReference; lastKnownFileType = sourcecode.swift; path = NotificationService.swift; sourceTree = "<group>"; };
		55A2F38524009BC6003681E2 /* Info.plist */ = {isa = PBXFileReference; lastKnownFileType = text.plist.xml; path = Info.plist; sourceTree = "<group>"; };
/* End PBXFileReference section */

/* Begin PBXFrameworksBuildPhase section */
		55A2F363240099AF003681E2 /* Frameworks */ = {
			isa = PBXFrameworksBuildPhase;
			buildActionMask = 2147483647;
			files = (
			);
			runOnlyForDeploymentPostprocessing = 0;
		};
		55A2F37E24009BC6003681E2 /* Frameworks */ = {
			isa = PBXFrameworksBuildPhase;
			buildActionMask = 2147483647;
			files = (
			);
			runOnlyForDeploymentPostprocessing = 0;
		};
/* End PBXFrameworksBuildPhase section */

/* Begin PBXGroup section */
		55A2F35D240099AF003681E2 = {
			isa = PBXGroup;
			children = (
				55A2F368240099AF003681E2 /* TestPNApp */,
				55A2F38224009BC6003681E2 /* NSExtension */,
				55A2F367240099AF003681E2 /* Products */,
			);
			sourceTree = "<group>";
		};
		55A2F367240099AF003681E2 /* Products */ = {
			isa = PBXGroup;
			children = (
				55A2F366240099AF003681E2 /* TestPNApp.app */,
				55A2F38124009BC6003681E2 /* NSExtension.appex */,
			);
			name = Products;
			sourceTree = "<group>";
		};
		55A2F368240099AF003681E2 /* TestPNApp */ = {
			isa = PBXGroup;
			children = (
				5532D6692400B09300F5411C /* TestPNApp.entitlements */,
				55A2F369240099AF003681E2 /* AppDelegate.swift */,
				55A2F36B240099AF003681E2 /* SceneDelegate.swift */,
				55A2F36D240099AF003681E2 /* ViewController.swift */,
				55A2F36F240099AF003681E2 /* Main.storyboard */,
				55A2F372240099B1003681E2 /* Assets.xcassets */,
				55A2F374240099B1003681E2 /* LaunchScreen.storyboard */,
				55A2F377240099B1003681E2 /* Info.plist */,
			);
			path = TestPNApp;
			sourceTree = "<group>";
		};
		55A2F38224009BC6003681E2 /* NSExtension */ = {
			isa = PBXGroup;
			children = (
				55A2F38324009BC6003681E2 /* NotificationService.swift */,
				55A2F38524009BC6003681E2 /* Info.plist */,
			);
			path = NSExtension;
			sourceTree = "<group>";
		};
/* End PBXGroup section */

/* Begin PBXNativeTarget section */
		55A2F365240099AF003681E2 /* TestPNApp */ = {
			isa = PBXNativeTarget;
			buildConfigurationList = 55A2F37A240099B1003681E2 /* Build configuration list for PBXNativeTarget "TestPNApp" */;
			buildPhases = (
				55A2F362240099AF003681E2 /* Sources */,
				55A2F363240099AF003681E2 /* Frameworks */,
				55A2F364240099AF003681E2 /* Resources */,
				55A2F38C24009BC6003681E2 /* Embed App Extensions */,
			);
			buildRules = (
			);
			dependencies = (
				55A2F38724009BC6003681E2 /* PBXTargetDependency */,
			);
			name = TestPNApp;
			productName = TestPNApp;
			productReference = 55A2F366240099AF003681E2 /* TestPNApp.app */;
			productType = "com.apple.product-type.application";
		};
		55A2F38024009BC6003681E2 /* NSExtension */ = {
			isa = PBXNativeTarget;
			buildConfigurationList = 55A2F38924009BC6003681E2 /* Build configuration list for PBXNativeTarget "NSExtension" */;
			buildPhases = (
				55A2F37D24009BC6003681E2 /* Sources */,
				55A2F37E24009BC6003681E2 /* Frameworks */,
				55A2F37F24009BC6003681E2 /* Resources */,
			);
			buildRules = (
			);
			dependencies = (
			);
			name = NSExtension;
			productName = NSExtension;
			productReference = 55A2F38124009BC6003681E2 /* NSExtension.appex */;
			productType = "com.apple.product-type.app-extension";
		};
/* End PBXNativeTarget section */

/* Begin PBXProject section */
		55A2F35E240099AF003681E2 /* Project object */ = {
			isa = PBXProject;
			attributes = {
				LastSwiftUpdateCheck = 1140;
				LastUpgradeCheck = 1140;
				ORGANIZATIONNAME = "Vida Health";
				TargetAttributes = {
					55A2F365240099AF003681E2 = {
						CreatedOnToolsVersion = 11.4;
					};
					55A2F38024009BC6003681E2 = {
						CreatedOnToolsVersion = 11.4;
					};
				};
			};
			buildConfigurationList = 55A2F361240099AF003681E2 /* Build configuration list for PBXProject "TestPNApp" */;
			compatibilityVersion = "Xcode 9.3";
			developmentRegion = en;
			hasScannedForEncodings = 0;
			knownRegions = (
				en,
				Base,
			);
			mainGroup = 55A2F35D240099AF003681E2;
			productRefGroup = 55A2F367240099AF003681E2 /* Products */;
			projectDirPath = "";
			projectRoot = "";
			targets = (
				55A2F365240099AF003681E2 /* TestPNApp */,
				55A2F38024009BC6003681E2 /* NSExtension */,
			);
		};
/* End PBXProject section */

/* Begin PBXResourcesBuildPhase section */
		55A2F364240099AF003681E2 /* Resources */ = {
			isa = PBXResourcesBuildPhase;
			buildActionMask = 2147483647;
			files = (
				55A2F376240099B1003681E2 /* LaunchScreen.storyboard in Resources */,
				55A2F373240099B1003681E2 /* Assets.xcassets in Resources */,
				55A2F371240099AF003681E2 /* Main.storyboard in Resources */,
			);
			runOnlyForDeploymentPostprocessing = 0;
		};
		55A2F37F24009BC6003681E2 /* Resources */ = {
			isa = PBXResourcesBuildPhase;
			buildActionMask = 2147483647;
			files = (
			);
			runOnlyForDeploymentPostprocessing = 0;
		};
/* End PBXResourcesBuildPhase section */

/* Begin PBXSourcesBuildPhase section */
		55A2F362240099AF003681E2 /* Sources */ = {
			isa = PBXSourcesBuildPhase;
			buildActionMask = 2147483647;
			files = (
				55A2F36E240099AF003681E2 /* ViewController.swift in Sources */,
				55A2F36A240099AF003681E2 /* AppDelegate.swift in Sources */,
				55A2F36C240099AF003681E2 /* SceneDelegate.swift in Sources */,
			);
			runOnlyForDeploymentPostprocessing = 0;
		};
		55A2F37D24009BC6003681E2 /* Sources */ = {
			isa = PBXSourcesBuildPhase;
			buildActionMask = 2147483647;
			files = (
				55A2F38424009BC6003681E2 /* NotificationService.swift in Sources */,
			);
			runOnlyForDeploymentPostprocessing = 0;
		};
/* End PBXSourcesBuildPhase section */

/* Begin PBXTargetDependency section */
		55A2F38724009BC6003681E2 /* PBXTargetDependency */ = {
			isa = PBXTargetDependency;
			target = 55A2F38024009BC6003681E2 /* NSExtension */;
			targetProxy = 55A2F38624009BC6003681E2 /* PBXContainerItemProxy */;
		};
/* End PBXTargetDependency section */

/* Begin PBXVariantGroup section */
		55A2F36F240099AF003681E2 /* Main.storyboard */ = {
			isa = PBXVariantGroup;
			children = (
				55A2F370240099AF003681E2 /* Base */,
			);
			name = Main.storyboard;
			sourceTree = "<group>";
		};
		55A2F374240099B1003681E2 /* LaunchScreen.storyboard */ = {
			isa = PBXVariantGroup;
			children = (
				55A2F375240099B1003681E2 /* Base */,
			);
			name = LaunchScreen.storyboard;
			sourceTree = "<group>";
		};
/* End PBXVariantGroup section */

/* Begin XCBuildConfiguration section */
		55A2F378240099B1003681E2 /* Debug */ = {
			isa = XCBuildConfiguration;
			buildSettings = {
				ALWAYS_SEARCH_USER_PATHS = NO;
				CLANG_ANALYZER_NONNULL = YES;
				CLANG_ANALYZER_NUMBER_OBJECT_CONVERSION = YES_AGGRESSIVE;
				CLANG_CXX_LANGUAGE_STANDARD = "gnu++14";
				CLANG_CXX_LIBRARY = "libc++";
				CLANG_ENABLE_MODULES = YES;
				CLANG_ENABLE_OBJC_ARC = YES;
				CLANG_ENABLE_OBJC_WEAK = YES;
				CLANG_WARN_BLOCK_CAPTURE_AUTORELEASING = YES;
				CLANG_WARN_BOOL_CONVERSION = YES;
				CLANG_WARN_COMMA = YES;
				CLANG_WARN_CONSTANT_CONVERSION = YES;
				CLANG_WARN_DEPRECATED_OBJC_IMPLEMENTATIONS = YES;
				CLANG_WARN_DIRECT_OBJC_ISA_USAGE = YES_ERROR;
				CLANG_WARN_DOCUMENTATION_COMMENTS = YES;
				CLANG_WARN_EMPTY_BODY = YES;
				CLANG_WARN_ENUM_CONVERSION = YES;
				CLANG_WARN_INFINITE_RECURSION = YES;
				CLANG_WARN_INT_CONVERSION = YES;
				CLANG_WARN_NON_LITERAL_NULL_CONVERSION = YES;
				CLANG_WARN_OBJC_IMPLICIT_RETAIN_SELF = YES;
				CLANG_WARN_OBJC_LITERAL_CONVERSION = YES;
				CLANG_WARN_OBJC_ROOT_CLASS = YES_ERROR;
				CLANG_WARN_RANGE_LOOP_ANALYSIS = YES;
				CLANG_WARN_STRICT_PROTOTYPES = YES;
				CLANG_WARN_SUSPICIOUS_MOVE = YES;
				CLANG_WARN_UNGUARDED_AVAILABILITY = YES_AGGRESSIVE;
				CLANG_WARN_UNREACHABLE_CODE = YES;
				CLANG_WARN__DUPLICATE_METHOD_MATCH = YES;
				COPY_PHASE_STRIP = NO;
				DEBUG_INFORMATION_FORMAT = dwarf;
				ENABLE_STRICT_OBJC_MSGSEND = YES;
				ENABLE_TESTABILITY = YES;
				GCC_C_LANGUAGE_STANDARD = gnu11;
				GCC_DYNAMIC_NO_PIC = NO;
				GCC_NO_COMMON_BLOCKS = YES;
				GCC_OPTIMIZATION_LEVEL = 0;
				GCC_PREPROCESSOR_DEFINITIONS = (
					"DEBUG=1",
					"$(inherited)",
				);
				GCC_WARN_64_TO_32_BIT_CONVERSION = YES;
				GCC_WARN_ABOUT_RETURN_TYPE = YES_ERROR;
				GCC_WARN_UNDECLARED_SELECTOR = YES;
				GCC_WARN_UNINITIALIZED_AUTOS = YES_AGGRESSIVE;
				GCC_WARN_UNUSED_FUNCTION = YES;
				GCC_WARN_UNUSED_VARIABLE = YES;
				IPHONEOS_DEPLOYMENT_TARGET = 13.4;
				MTL_ENABLE_DEBUG_INFO = INCLUDE_SOURCE;
				MTL_FAST_MATH = YES;
				ONLY_ACTIVE_ARCH = YES;
				SDKROOT = iphoneos;
				SWIFT_ACTIVE_COMPILATION_CONDITIONS = DEBUG;
				SWIFT_OPTIMIZATION_LEVEL = "-Onone";
			};
			name = Debug;
		};
		55A2F379240099B1003681E2 /* Release */ = {
			isa = XCBuildConfiguration;
			buildSettings = {
				ALWAYS_SEARCH_USER_PATHS = NO;
				CLANG_ANALYZER_NONNULL = YES;
				CLANG_ANALYZER_NUMBER_OBJECT_CONVERSION = YES_AGGRESSIVE;
				CLANG_CXX_LANGUAGE_STANDARD = "gnu++14";
				CLANG_CXX_LIBRARY = "libc++";
				CLANG_ENABLE_MODULES = YES;
				CLANG_ENABLE_OBJC_ARC = YES;
				CLANG_ENABLE_OBJC_WEAK = YES;
				CLANG_WARN_BLOCK_CAPTURE_AUTORELEASING = YES;
				CLANG_WARN_BOOL_CONVERSION = YES;
				CLANG_WARN_COMMA = YES;
				CLANG_WARN_CONSTANT_CONVERSION = YES;
				CLANG_WARN_DEPRECATED_OBJC_IMPLEMENTATIONS = YES;
				CLANG_WARN_DIRECT_OBJC_ISA_USAGE = YES_ERROR;
				CLANG_WARN_DOCUMENTATION_COMMENTS = YES;
				CLANG_WARN_EMPTY_BODY = YES;
				CLANG_WARN_ENUM_CONVERSION = YES;
				CLANG_WARN_INFINITE_RECURSION = YES;
				CLANG_WARN_INT_CONVERSION = YES;
				CLANG_WARN_NON_LITERAL_NULL_CONVERSION = YES;
				CLANG_WARN_OBJC_IMPLICIT_RETAIN_SELF = YES;
				CLANG_WARN_OBJC_LITERAL_CONVERSION = YES;
				CLANG_WARN_OBJC_ROOT_CLASS = YES_ERROR;
				CLANG_WARN_RANGE_LOOP_ANALYSIS = YES;
				CLANG_WARN_STRICT_PROTOTYPES = YES;
				CLANG_WARN_SUSPICIOUS_MOVE = YES;
				CLANG_WARN_UNGUARDED_AVAILABILITY = YES_AGGRESSIVE;
				CLANG_WARN_UNREACHABLE_CODE = YES;
				CLANG_WARN__DUPLICATE_METHOD_MATCH = YES;
				COPY_PHASE_STRIP = NO;
				DEBUG_INFORMATION_FORMAT = "dwarf-with-dsym";
				ENABLE_NS_ASSERTIONS = NO;
				ENABLE_STRICT_OBJC_MSGSEND = YES;
				GCC_C_LANGUAGE_STANDARD = gnu11;
				GCC_NO_COMMON_BLOCKS = YES;
				GCC_WARN_64_TO_32_BIT_CONVERSION = YES;
				GCC_WARN_ABOUT_RETURN_TYPE = YES_ERROR;
				GCC_WARN_UNDECLARED_SELECTOR = YES;
				GCC_WARN_UNINITIALIZED_AUTOS = YES_AGGRESSIVE;
				GCC_WARN_UNUSED_FUNCTION = YES;
				GCC_WARN_UNUSED_VARIABLE = YES;
				IPHONEOS_DEPLOYMENT_TARGET = 13.4;
				MTL_ENABLE_DEBUG_INFO = NO;
				MTL_FAST_MATH = YES;
				SDKROOT = iphoneos;
				SWIFT_COMPILATION_MODE = wholemodule;
				SWIFT_OPTIMIZATION_LEVEL = "-O";
				VALIDATE_PRODUCT = YES;
			};
			name = Release;
		};
		55A2F37B240099B1003681E2 /* Debug */ = {
			isa = XCBuildConfiguration;
			buildSettings = {
				ALWAYS_EMBED_SWIFT_STANDARD_LIBRARIES = YES;
				ASSETCATALOG_COMPILER_APPICON_NAME = AppIcon;
				CODE_SIGN_ENTITLEMENTS = TestPNApp/TestPNApp.entitlements;
				CODE_SIGN_STYLE = Automatic;
				DEVELOPMENT_TEAM = 9QHGMYB9CV;
				INFOPLIST_FILE = TestPNApp/Info.plist;
				LD_RUNPATH_SEARCH_PATHS = (
					"$(inherited)",
					"@executable_path/Frameworks",
				);
				PRODUCT_BUNDLE_IDENTIFIER = com.vida.testPushNotifications.TestPNApp;
				PRODUCT_NAME = "$(TARGET_NAME)";
				SWIFT_VERSION = 5.0;
				TARGETED_DEVICE_FAMILY = "1,2";
			};
			name = Debug;
		};
		55A2F37C240099B1003681E2 /* Release */ = {
			isa = XCBuildConfiguration;
			buildSettings = {
				ALWAYS_EMBED_SWIFT_STANDARD_LIBRARIES = YES;
				ASSETCATALOG_COMPILER_APPICON_NAME = AppIcon;
				CODE_SIGN_ENTITLEMENTS = TestPNApp/TestPNApp.entitlements;
				CODE_SIGN_STYLE = Automatic;
				DEVELOPMENT_TEAM = 9QHGMYB9CV;
				INFOPLIST_FILE = TestPNApp/Info.plist;
				LD_RUNPATH_SEARCH_PATHS = (
					"$(inherited)",
					"@executable_path/Frameworks",
				);
				PRODUCT_BUNDLE_IDENTIFIER = com.vida.testPushNotifications.TestPNApp;
				PRODUCT_NAME = "$(TARGET_NAME)";
				SWIFT_VERSION = 5.0;
				TARGETED_DEVICE_FAMILY = "1,2";
			};
			name = Release;
		};
		55A2F38A24009BC6003681E2 /* Debug */ = {
			isa = XCBuildConfiguration;
			buildSettings = {
				CODE_SIGN_STYLE = Automatic;
				DEVELOPMENT_TEAM = 9QHGMYB9CV;
				INFOPLIST_FILE = NSExtension/Info.plist;
				LD_RUNPATH_SEARCH_PATHS = (
					"$(inherited)",
					"@executable_path/Frameworks",
					"@executable_path/../../Frameworks",
				);
				PRODUCT_BUNDLE_IDENTIFIER = com.vida.testPushNotifications.TestPNApp.NSExtension;
				PRODUCT_NAME = "$(TARGET_NAME)";
				SKIP_INSTALL = YES;
				SWIFT_VERSION = 5.0;
				TARGETED_DEVICE_FAMILY = "1,2";
			};
			name = Debug;
		};
		55A2F38B24009BC6003681E2 /* Release */ = {
			isa = XCBuildConfiguration;
			buildSettings = {
				CODE_SIGN_STYLE = Automatic;
				DEVELOPMENT_TEAM = 9QHGMYB9CV;
				INFOPLIST_FILE = NSExtension/Info.plist;
				LD_RUNPATH_SEARCH_PATHS = (
					"$(inherited)",
					"@executable_path/Frameworks",
					"@executable_path/../../Frameworks",
				);
				PRODUCT_BUNDLE_IDENTIFIER = com.vida.testPushNotifications.TestPNApp.NSExtension;
				PRODUCT_NAME = "$(TARGET_NAME)";
				SKIP_INSTALL = YES;
				SWIFT_VERSION = 5.0;
				TARGETED_DEVICE_FAMILY = "1,2";
			};
			name = Release;
		};
/* End XCBuildConfiguration section */

/* Begin XCConfigurationList section */
		55A2F361240099AF003681E2 /* Build configuration list for PBXProject "TestPNApp" */ = {
			isa = XCConfigurationList;
			buildConfigurations = (
				55A2F378240099B1003681E2 /* Debug */,
				55A2F379240099B1003681E2 /* Release */,
			);
			defaultConfigurationIsVisible = 0;
			defaultConfigurationName = Release;
		};
		55A2F37A240099B1003681E2 /* Build configuration list for PBXNativeTarget "TestPNApp" */ = {
			isa = XCConfigurationList;
			buildConfigurations = (
				55A2F37B240099B1003681E2 /* Debug */,
				55A2F37C240099B1003681E2 /* Release */,
			);
			defaultConfigurationIsVisible = 0;
			defaultConfigurationName = Release;
		};
		55A2F38924009BC6003681E2 /* Build configuration list for PBXNativeTarget "NSExtension" */ = {
			isa = XCConfigurationList;
			buildConfigurations = (
				55A2F38A24009BC6003681E2 /* Debug */,
				55A2F38B24009BC6003681E2 /* Release */,
			);
			defaultConfigurationIsVisible = 0;
			defaultConfigurationName = Release;
		};
/* End XCConfigurationList section */
	};
	rootObject = 55A2F35E240099AF003681E2 /* Project object */;
}
